// !$*UTF8*$!
{
	archiveVersion = 1;
	classes = {
	};
	objectVersion = 51;
	objects = {

/* Begin PBXBuildFile section */
		1A88F9A0009A7B48B0B3ECDC /* Pods_ParstagramTests.framework in Frameworks */ = {isa = PBXBuildFile; fileRef = 94B56732337D01C8AF8584B2 /* Pods_ParstagramTests.framework */; };
		713CB76925FDD672000FE5FD /* AppDelegate.swift in Sources */ = {isa = PBXBuildFile; fileRef = 713CB76825FDD672000FE5FD /* AppDelegate.swift */; };
		713CB76B25FDD672000FE5FD /* SceneDelegate.swift in Sources */ = {isa = PBXBuildFile; fileRef = 713CB76A25FDD672000FE5FD /* SceneDelegate.swift */; };
		713CB77025FDD672000FE5FD /* Main.storyboard in Resources */ = {isa = PBXBuildFile; fileRef = 713CB76E25FDD672000FE5FD /* Main.storyboard */; };
		713CB77225FDD676000FE5FD /* Assets.xcassets in Resources */ = {isa = PBXBuildFile; fileRef = 713CB77125FDD676000FE5FD /* Assets.xcassets */; };
		713CB77525FDD676000FE5FD /* LaunchScreen.storyboard in Resources */ = {isa = PBXBuildFile; fileRef = 713CB77325FDD676000FE5FD /* LaunchScreen.storyboard */; };
		713CB78025FDD676000FE5FD /* ParstagramTests.swift in Sources */ = {isa = PBXBuildFile; fileRef = 713CB77F25FDD676000FE5FD /* ParstagramTests.swift */; };
		713CB78B25FDD676000FE5FD /* ParstagramUITests.swift in Sources */ = {isa = PBXBuildFile; fileRef = 713CB78A25FDD676000FE5FD /* ParstagramUITests.swift */; };
		713CB7A825FE7353000FE5FD /* LoginViewController.swift in Sources */ = {isa = PBXBuildFile; fileRef = 713CB7A725FE7352000FE5FD /* LoginViewController.swift */; };
		713CB7AD25FE73C8000FE5FD /* FeedViewController.swift in Sources */ = {isa = PBXBuildFile; fileRef = 713CB7AC25FE73C8000FE5FD /* FeedViewController.swift */; };
		713CB7B225FE80FF000FE5FD /* CameraViewController.swift in Sources */ = {isa = PBXBuildFile; fileRef = 713CB7B125FE80FF000FE5FD /* CameraViewController.swift */; };
		713CB7C225FEB23B000FE5FD /* PostCell.swift in Sources */ = {isa = PBXBuildFile; fileRef = 713CB7C125FEB23B000FE5FD /* PostCell.swift */; };
		A51BAF05A230D5910E186038 /* Pods_Parstagram_ParstagramUITests.framework in Frameworks */ = {isa = PBXBuildFile; fileRef = 835D34EDA47E808E88688920 /* Pods_Parstagram_ParstagramUITests.framework */; };
		C80A20D463AB8FCD57766ECE /* Pods_Parstagram.framework in Frameworks */ = {isa = PBXBuildFile; fileRef = 975C12A06F9DC519DC6F20FD /* Pods_Parstagram.framework */; };
/* End PBXBuildFile section */

/* Begin PBXContainerItemProxy section */
		713CB77C25FDD676000FE5FD /* PBXContainerItemProxy */ = {
			isa = PBXContainerItemProxy;
			containerPortal = 713CB75D25FDD672000FE5FD /* Project object */;
			proxyType = 1;
			remoteGlobalIDString = 713CB76425FDD672000FE5FD;
			remoteInfo = Parstagram;
		};
		713CB78725FDD676000FE5FD /* PBXContainerItemProxy */ = {
			isa = PBXContainerItemProxy;
			containerPortal = 713CB75D25FDD672000FE5FD /* Project object */;
			proxyType = 1;
			remoteGlobalIDString = 713CB76425FDD672000FE5FD;
			remoteInfo = Parstagram;
		};
/* End PBXContainerItemProxy section */

/* Begin PBXFileReference section */
		00D04169D147DD3E94970F81 /* Pods-Parstagram-ParstagramUITests.release.xcconfig */ = {isa = PBXFileReference; includeInIndex = 1; lastKnownFileType = text.xcconfig; name = "Pods-Parstagram-ParstagramUITests.release.xcconfig"; path = "Target Support Files/Pods-Parstagram-ParstagramUITests/Pods-Parstagram-ParstagramUITests.release.xcconfig"; sourceTree = "<group>"; };
		3E0B0C49897791101982D1AB /* Pods-Parstagram.release.xcconfig */ = {isa = PBXFileReference; includeInIndex = 1; lastKnownFileType = text.xcconfig; name = "Pods-Parstagram.release.xcconfig"; path = "Target Support Files/Pods-Parstagram/Pods-Parstagram.release.xcconfig"; sourceTree = "<group>"; };
		690D19DD39D4C217C9E5B919 /* Pods-Parstagram.debug.xcconfig */ = {isa = PBXFileReference; includeInIndex = 1; lastKnownFileType = text.xcconfig; name = "Pods-Parstagram.debug.xcconfig"; path = "Target Support Files/Pods-Parstagram/Pods-Parstagram.debug.xcconfig"; sourceTree = "<group>"; };
		6D7DE4C1F784EA4AD6784D20 /* Pods-ParstagramTests.release.xcconfig */ = {isa = PBXFileReference; includeInIndex = 1; lastKnownFileType = text.xcconfig; name = "Pods-ParstagramTests.release.xcconfig"; path = "Target Support Files/Pods-ParstagramTests/Pods-ParstagramTests.release.xcconfig"; sourceTree = "<group>"; };
		713CB76525FDD672000FE5FD /* Parstagram.app */ = {isa = PBXFileReference; explicitFileType = wrapper.application; includeInIndex = 0; path = Parstagram.app; sourceTree = BUILT_PRODUCTS_DIR; };
		713CB76825FDD672000FE5FD /* AppDelegate.swift */ = {isa = PBXFileReference; lastKnownFileType = sourcecode.swift; path = AppDelegate.swift; sourceTree = "<group>"; };
		713CB76A25FDD672000FE5FD /* SceneDelegate.swift */ = {isa = PBXFileReference; lastKnownFileType = sourcecode.swift; path = SceneDelegate.swift; sourceTree = "<group>"; };
		713CB76F25FDD672000FE5FD /* Base */ = {isa = PBXFileReference; lastKnownFileType = file.storyboard; name = Base; path = Base.lproj/Main.storyboard; sourceTree = "<group>"; };
		713CB77125FDD676000FE5FD /* Assets.xcassets */ = {isa = PBXFileReference; lastKnownFileType = folder.assetcatalog; path = Assets.xcassets; sourceTree = "<group>"; };
		713CB77425FDD676000FE5FD /* Base */ = {isa = PBXFileReference; lastKnownFileType = file.storyboard; name = Base; path = Base.lproj/LaunchScreen.storyboard; sourceTree = "<group>"; };
		713CB77625FDD676000FE5FD /* Info.plist */ = {isa = PBXFileReference; lastKnownFileType = text.plist.xml; path = Info.plist; sourceTree = "<group>"; };
		713CB77B25FDD676000FE5FD /* ParstagramTests.xctest */ = {isa = PBXFileReference; explicitFileType = wrapper.cfbundle; includeInIndex = 0; path = ParstagramTests.xctest; sourceTree = BUILT_PRODUCTS_DIR; };
		713CB77F25FDD676000FE5FD /* ParstagramTests.swift */ = {isa = PBXFileReference; lastKnownFileType = sourcecode.swift; path = ParstagramTests.swift; sourceTree = "<group>"; };
		713CB78125FDD676000FE5FD /* Info.plist */ = {isa = PBXFileReference; lastKnownFileType = text.plist.xml; path = Info.plist; sourceTree = "<group>"; };
		713CB78625FDD676000FE5FD /* ParstagramUITests.xctest */ = {isa = PBXFileReference; explicitFileType = wrapper.cfbundle; includeInIndex = 0; path = ParstagramUITests.xctest; sourceTree = BUILT_PRODUCTS_DIR; };
		713CB78A25FDD676000FE5FD /* ParstagramUITests.swift */ = {isa = PBXFileReference; lastKnownFileType = sourcecode.swift; path = ParstagramUITests.swift; sourceTree = "<group>"; };
		713CB78C25FDD676000FE5FD /* Info.plist */ = {isa = PBXFileReference; lastKnownFileType = text.plist.xml; path = Info.plist; sourceTree = "<group>"; };
		713CB7A725FE7352000FE5FD /* LoginViewController.swift */ = {isa = PBXFileReference; lastKnownFileType = sourcecode.swift; path = LoginViewController.swift; sourceTree = "<group>"; };
		713CB7AC25FE73C8000FE5FD /* FeedViewController.swift */ = {isa = PBXFileReference; lastKnownFileType = sourcecode.swift; path = FeedViewController.swift; sourceTree = "<group>"; };
		713CB7B125FE80FF000FE5FD /* CameraViewController.swift */ = {isa = PBXFileReference; lastKnownFileType = sourcecode.swift; path = CameraViewController.swift; sourceTree = "<group>"; };
		713CB7C125FEB23B000FE5FD /* PostCell.swift */ = {isa = PBXFileReference; lastKnownFileType = sourcecode.swift; path = PostCell.swift; sourceTree = "<group>"; };
		835D34EDA47E808E88688920 /* Pods_Parstagram_ParstagramUITests.framework */ = {isa = PBXFileReference; explicitFileType = wrapper.framework; includeInIndex = 0; path = Pods_Parstagram_ParstagramUITests.framework; sourceTree = BUILT_PRODUCTS_DIR; };
		94B56732337D01C8AF8584B2 /* Pods_ParstagramTests.framework */ = {isa = PBXFileReference; explicitFileType = wrapper.framework; includeInIndex = 0; path = Pods_ParstagramTests.framework; sourceTree = BUILT_PRODUCTS_DIR; };
		975C12A06F9DC519DC6F20FD /* Pods_Parstagram.framework */ = {isa = PBXFileReference; explicitFileType = wrapper.framework; includeInIndex = 0; path = Pods_Parstagram.framework; sourceTree = BUILT_PRODUCTS_DIR; };
		D49A6DEBA2D84DC6C5CF501A /* Pods-ParstagramTests.debug.xcconfig */ = {isa = PBXFileReference; includeInIndex = 1; lastKnownFileType = text.xcconfig; name = "Pods-ParstagramTests.debug.xcconfig"; path = "Target Support Files/Pods-ParstagramTests/Pods-ParstagramTests.debug.xcconfig"; sourceTree = "<group>"; };
		DD2716C70F2BE113262DA98B /* Pods-Parstagram-ParstagramUITests.debug.xcconfig */ = {isa = PBXFileReference; includeInIndex = 1; lastKnownFileType = text.xcconfig; name = "Pods-Parstagram-ParstagramUITests.debug.xcconfig"; path = "Target Support Files/Pods-Parstagram-ParstagramUITests/Pods-Parstagram-ParstagramUITests.debug.xcconfig"; sourceTree = "<group>"; };
/* End PBXFileReference section */

/* Begin PBXFrameworksBuildPhase section */
		713CB76225FDD672000FE5FD /* Frameworks */ = {
			isa = PBXFrameworksBuildPhase;
			buildActionMask = 2147483647;
			files = (
				C80A20D463AB8FCD57766ECE /* Pods_Parstagram.framework in Frameworks */,
			);
			runOnlyForDeploymentPostprocessing = 0;
		};
		713CB77825FDD676000FE5FD /* Frameworks */ = {
			isa = PBXFrameworksBuildPhase;
			buildActionMask = 2147483647;
			files = (
				1A88F9A0009A7B48B0B3ECDC /* Pods_ParstagramTests.framework in Frameworks */,
			);
			runOnlyForDeploymentPostprocessing = 0;
		};
		713CB78325FDD676000FE5FD /* Frameworks */ = {
			isa = PBXFrameworksBuildPhase;
			buildActionMask = 2147483647;
			files = (
				A51BAF05A230D5910E186038 /* Pods_Parstagram_ParstagramUITests.framework in Frameworks */,
			);
			runOnlyForDeploymentPostprocessing = 0;
		};
/* End PBXFrameworksBuildPhase section */

/* Begin PBXGroup section */
		713CB75C25FDD672000FE5FD = {
			isa = PBXGroup;
			children = (
				713CB76725FDD672000FE5FD /* Parstagram */,
				713CB77E25FDD676000FE5FD /* ParstagramTests */,
				713CB78925FDD676000FE5FD /* ParstagramUITests */,
				713CB76625FDD672000FE5FD /* Products */,
				D541539E3BA1812255DB60D2 /* Pods */,
				C3230737A1B132E0E324CC05 /* Frameworks */,
			);
			sourceTree = "<group>";
		};
		713CB76625FDD672000FE5FD /* Products */ = {
			isa = PBXGroup;
			children = (
				713CB76525FDD672000FE5FD /* Parstagram.app */,
				713CB77B25FDD676000FE5FD /* ParstagramTests.xctest */,
				713CB78625FDD676000FE5FD /* ParstagramUITests.xctest */,
			);
			name = Products;
			sourceTree = "<group>";
		};
		713CB76725FDD672000FE5FD /* Parstagram */ = {
			isa = PBXGroup;
			children = (
				713CB76825FDD672000FE5FD /* AppDelegate.swift */,
				713CB76A25FDD672000FE5FD /* SceneDelegate.swift */,
				713CB76E25FDD672000FE5FD /* Main.storyboard */,
				713CB77125FDD676000FE5FD /* Assets.xcassets */,
				713CB77325FDD676000FE5FD /* LaunchScreen.storyboard */,
				713CB77625FDD676000FE5FD /* Info.plist */,
				713CB7A725FE7352000FE5FD /* LoginViewController.swift */,
				713CB7AC25FE73C8000FE5FD /* FeedViewController.swift */,
				713CB7B125FE80FF000FE5FD /* CameraViewController.swift */,
				713CB7C125FEB23B000FE5FD /* PostCell.swift */,
			);
			path = Parstagram;
			sourceTree = "<group>";
		};
		713CB77E25FDD676000FE5FD /* ParstagramTests */ = {
			isa = PBXGroup;
			children = (
				713CB77F25FDD676000FE5FD /* ParstagramTests.swift */,
				713CB78125FDD676000FE5FD /* Info.plist */,
			);
			path = ParstagramTests;
			sourceTree = "<group>";
		};
		713CB78925FDD676000FE5FD /* ParstagramUITests */ = {
			isa = PBXGroup;
			children = (
				713CB78A25FDD676000FE5FD /* ParstagramUITests.swift */,
				713CB78C25FDD676000FE5FD /* Info.plist */,
			);
			path = ParstagramUITests;
			sourceTree = "<group>";
		};
		C3230737A1B132E0E324CC05 /* Frameworks */ = {
			isa = PBXGroup;
			children = (
				975C12A06F9DC519DC6F20FD /* Pods_Parstagram.framework */,
				835D34EDA47E808E88688920 /* Pods_Parstagram_ParstagramUITests.framework */,
				94B56732337D01C8AF8584B2 /* Pods_ParstagramTests.framework */,
			);
			name = Frameworks;
			sourceTree = "<group>";
		};
		D541539E3BA1812255DB60D2 /* Pods */ = {
			isa = PBXGroup;
			children = (
				690D19DD39D4C217C9E5B919 /* Pods-Parstagram.debug.xcconfig */,
				3E0B0C49897791101982D1AB /* Pods-Parstagram.release.xcconfig */,
				DD2716C70F2BE113262DA98B /* Pods-Parstagram-ParstagramUITests.debug.xcconfig */,
				00D04169D147DD3E94970F81 /* Pods-Parstagram-ParstagramUITests.release.xcconfig */,
				D49A6DEBA2D84DC6C5CF501A /* Pods-ParstagramTests.debug.xcconfig */,
				6D7DE4C1F784EA4AD6784D20 /* Pods-ParstagramTests.release.xcconfig */,
			);
			path = Pods;
			sourceTree = "<group>";
		};
/* End PBXGroup section */

/* Begin PBXNativeTarget section */
		713CB76425FDD672000FE5FD /* Parstagram */ = {
			isa = PBXNativeTarget;
			buildConfigurationList = 713CB78F25FDD676000FE5FD /* Build configuration list for PBXNativeTarget "Parstagram" */;
			buildPhases = (
				878F85C3F4954B2D2675B05C /* [CP] Check Pods Manifest.lock */,
				713CB76125FDD672000FE5FD /* Sources */,
				713CB76225FDD672000FE5FD /* Frameworks */,
				713CB76325FDD672000FE5FD /* Resources */,
				34E2B96AFF72641FEF82D29B /* [CP] Embed Pods Frameworks */,
			);
			buildRules = (
			);
			dependencies = (
			);
			name = Parstagram;
			productName = Parstagram;
			productReference = 713CB76525FDD672000FE5FD /* Parstagram.app */;
			productType = "com.apple.product-type.application";
		};
		713CB77A25FDD676000FE5FD /* ParstagramTests */ = {
			isa = PBXNativeTarget;
			buildConfigurationList = 713CB79225FDD676000FE5FD /* Build configuration list for PBXNativeTarget "ParstagramTests" */;
			buildPhases = (
				52C804109284DBE312F22081 /* [CP] Check Pods Manifest.lock */,
				713CB77725FDD676000FE5FD /* Sources */,
				713CB77825FDD676000FE5FD /* Frameworks */,
				713CB77925FDD676000FE5FD /* Resources */,
			);
			buildRules = (
			);
			dependencies = (
				713CB77D25FDD676000FE5FD /* PBXTargetDependency */,
			);
			name = ParstagramTests;
			productName = ParstagramTests;
			productReference = 713CB77B25FDD676000FE5FD /* ParstagramTests.xctest */;
			productType = "com.apple.product-type.bundle.unit-test";
		};
		713CB78525FDD676000FE5FD /* ParstagramUITests */ = {
			isa = PBXNativeTarget;
			buildConfigurationList = 713CB79525FDD676000FE5FD /* Build configuration list for PBXNativeTarget "ParstagramUITests" */;
			buildPhases = (
				D2B02BCAF5C541C1A5195966 /* [CP] Check Pods Manifest.lock */,
				713CB78225FDD676000FE5FD /* Sources */,
				713CB78325FDD676000FE5FD /* Frameworks */,
				713CB78425FDD676000FE5FD /* Resources */,
				080FB86265F3B99395112D48 /* [CP] Embed Pods Frameworks */,
			);
			buildRules = (
			);
			dependencies = (
				713CB78825FDD676000FE5FD /* PBXTargetDependency */,
			);
			name = ParstagramUITests;
			productName = ParstagramUITests;
			productReference = 713CB78625FDD676000FE5FD /* ParstagramUITests.xctest */;
			productType = "com.apple.product-type.bundle.ui-testing";
		};
/* End PBXNativeTarget section */

/* Begin PBXProject section */
		713CB75D25FDD672000FE5FD /* Project object */ = {
			isa = PBXProject;
			attributes = {
				LastSwiftUpdateCheck = 1230;
				LastUpgradeCheck = 1230;
				TargetAttributes = {
					713CB76425FDD672000FE5FD = {
						CreatedOnToolsVersion = 12.3;
					};
					713CB77A25FDD676000FE5FD = {
						CreatedOnToolsVersion = 12.3;
						TestTargetID = 713CB76425FDD672000FE5FD;
					};
					713CB78525FDD676000FE5FD = {
						CreatedOnToolsVersion = 12.3;
						TestTargetID = 713CB76425FDD672000FE5FD;
					};
				};
			};
			buildConfigurationList = 713CB76025FDD672000FE5FD /* Build configuration list for PBXProject "Parstagram" */;
			compatibilityVersion = "Xcode 9.3";
			developmentRegion = en;
			hasScannedForEncodings = 0;
			knownRegions = (
				en,
				Base,
			);
			mainGroup = 713CB75C25FDD672000FE5FD;
			productRefGroup = 713CB76625FDD672000FE5FD /* Products */;
			projectDirPath = "";
			projectRoot = "";
			targets = (
				713CB76425FDD672000FE5FD /* Parstagram */,
				713CB77A25FDD676000FE5FD /* ParstagramTests */,
				713CB78525FDD676000FE5FD /* ParstagramUITests */,
			);
		};
/* End PBXProject section */

/* Begin PBXResourcesBuildPhase section */
		713CB76325FDD672000FE5FD /* Resources */ = {
			isa = PBXResourcesBuildPhase;
			buildActionMask = 2147483647;
			files = (
				713CB77525FDD676000FE5FD /* LaunchScreen.storyboard in Resources */,
				713CB77225FDD676000FE5FD /* Assets.xcassets in Resources */,
				713CB77025FDD672000FE5FD /* Main.storyboard in Resources */,
			);
			runOnlyForDeploymentPostprocessing = 0;
		};
		713CB77925FDD676000FE5FD /* Resources */ = {
			isa = PBXResourcesBuildPhase;
			buildActionMask = 2147483647;
			files = (
			);
			runOnlyForDeploymentPostprocessing = 0;
		};
		713CB78425FDD676000FE5FD /* Resources */ = {
			isa = PBXResourcesBuildPhase;
			buildActionMask = 2147483647;
			files = (
			);
			runOnlyForDeploymentPostprocessing = 0;
		};
/* End PBXResourcesBuildPhase section */

/* Begin PBXShellScriptBuildPhase section */
		080FB86265F3B99395112D48 /* [CP] Embed Pods Frameworks */ = {
			isa = PBXShellScriptBuildPhase;
			buildActionMask = 2147483647;
			files = (
			);
			inputFileListPaths = (
				"${PODS_ROOT}/Target Support Files/Pods-Parstagram-ParstagramUITests/Pods-Parstagram-ParstagramUITests-frameworks-${CONFIGURATION}-input-files.xcfilelist",
			);
			name = "[CP] Embed Pods Frameworks";
			outputFileListPaths = (
				"${PODS_ROOT}/Target Support Files/Pods-Parstagram-ParstagramUITests/Pods-Parstagram-ParstagramUITests-frameworks-${CONFIGURATION}-output-files.xcfilelist",
			);
			runOnlyForDeploymentPostprocessing = 0;
			shellPath = /bin/sh;
			shellScript = "\"${PODS_ROOT}/Target Support Files/Pods-Parstagram-ParstagramUITests/Pods-Parstagram-ParstagramUITests-frameworks.sh\"\n";
			showEnvVarsInLog = 0;
		};
		34E2B96AFF72641FEF82D29B /* [CP] Embed Pods Frameworks */ = {
			isa = PBXShellScriptBuildPhase;
			buildActionMask = 2147483647;
			files = (
			);
			inputFileListPaths = (
				"${PODS_ROOT}/Target Support Files/Pods-Parstagram/Pods-Parstagram-frameworks-${CONFIGURATION}-input-files.xcfilelist",
			);
			name = "[CP] Embed Pods Frameworks";
			outputFileListPaths = (
				"${PODS_ROOT}/Target Support Files/Pods-Parstagram/Pods-Parstagram-frameworks-${CONFIGURATION}-output-files.xcfilelist",
			);
			runOnlyForDeploymentPostprocessing = 0;
			shellPath = /bin/sh;
			shellScript = "\"${PODS_ROOT}/Target Support Files/Pods-Parstagram/Pods-Parstagram-frameworks.sh\"\n";
			showEnvVarsInLog = 0;
		};
		52C804109284DBE312F22081 /* [CP] Check Pods Manifest.lock */ = {
			isa = PBXShellScriptBuildPhase;
			buildActionMask = 2147483647;
			files = (
			);
			inputFileListPaths = (
			);
			inputPaths = (
				"${PODS_PODFILE_DIR_PATH}/Podfile.lock",
				"${PODS_ROOT}/Manifest.lock",
			);
			name = "[CP] Check Pods Manifest.lock";
			outputFileListPaths = (
			);
			outputPaths = (
				"$(DERIVED_FILE_DIR)/Pods-ParstagramTests-checkManifestLockResult.txt",
			);
			runOnlyForDeploymentPostprocessing = 0;
			shellPath = /bin/sh;
			shellScript = "diff \"${PODS_PODFILE_DIR_PATH}/Podfile.lock\" \"${PODS_ROOT}/Manifest.lock\" > /dev/null\nif [ $? != 0 ] ; then\n    # print error to STDERR\n    echo \"error: The sandbox is not in sync with the Podfile.lock. Run 'pod install' or update your CocoaPods installation.\" >&2\n    exit 1\nfi\n# This output is used by Xcode 'outputs' to avoid re-running this script phase.\necho \"SUCCESS\" > \"${SCRIPT_OUTPUT_FILE_0}\"\n";
			showEnvVarsInLog = 0;
		};
		878F85C3F4954B2D2675B05C /* [CP] Check Pods Manifest.lock */ = {
			isa = PBXShellScriptBuildPhase;
			buildActionMask = 2147483647;
			files = (
			);
			inputFileListPaths = (
			);
			inputPaths = (
				"${PODS_PODFILE_DIR_PATH}/Podfile.lock",
				"${PODS_ROOT}/Manifest.lock",
			);
			name = "[CP] Check Pods Manifest.lock";
			outputFileListPaths = (
			);
			outputPaths = (
				"$(DERIVED_FILE_DIR)/Pods-Parstagram-checkManifestLockResult.txt",
			);
			runOnlyForDeploymentPostprocessing = 0;
			shellPath = /bin/sh;
			shellScript = "diff \"${PODS_PODFILE_DIR_PATH}/Podfile.lock\" \"${PODS_ROOT}/Manifest.lock\" > /dev/null\nif [ $? != 0 ] ; then\n    # print error to STDERR\n    echo \"error: The sandbox is not in sync with the Podfile.lock. Run 'pod install' or update your CocoaPods installation.\" >&2\n    exit 1\nfi\n# This output is used by Xcode 'outputs' to avoid re-running this script phase.\necho \"SUCCESS\" > \"${SCRIPT_OUTPUT_FILE_0}\"\n";
			showEnvVarsInLog = 0;
		};
		D2B02BCAF5C541C1A5195966 /* [CP] Check Pods Manifest.lock */ = {
			isa = PBXShellScriptBuildPhase;
			buildActionMask = 2147483647;
			files = (
			);
			inputFileListPaths = (
			);
			inputPaths = (
				"${PODS_PODFILE_DIR_PATH}/Podfile.lock",
				"${PODS_ROOT}/Manifest.lock",
			);
			name = "[CP] Check Pods Manifest.lock";
			outputFileListPaths = (
			);
			outputPaths = (
				"$(DERIVED_FILE_DIR)/Pods-Parstagram-ParstagramUITests-checkManifestLockResult.txt",
			);
			runOnlyForDeploymentPostprocessing = 0;
			shellPath = /bin/sh;
			shellScript = "diff \"${PODS_PODFILE_DIR_PATH}/Podfile.lock\" \"${PODS_ROOT}/Manifest.lock\" > /dev/null\nif [ $? != 0 ] ; then\n    # print error to STDERR\n    echo \"error: The sandbox is not in sync with the Podfile.lock. Run 'pod install' or update your CocoaPods installation.\" >&2\n    exit 1\nfi\n# This output is used by Xcode 'outputs' to avoid re-running this script phase.\necho \"SUCCESS\" > \"${SCRIPT_OUTPUT_FILE_0}\"\n";
			showEnvVarsInLog = 0;
		};
/* End PBXShellScriptBuildPhase section */

/* Begin PBXSourcesBuildPhase section */
		713CB76125FDD672000FE5FD /* Sources */ = {
			isa = PBXSourcesBuildPhase;
			buildActionMask = 2147483647;
			files = (
				713CB7A825FE7353000FE5FD /* LoginViewController.swift in Sources */,
				713CB7B225FE80FF000FE5FD /* CameraViewController.swift in Sources */,
				713CB76925FDD672000FE5FD /* AppDelegate.swift in Sources */,
				713CB7AD25FE73C8000FE5FD /* FeedViewController.swift in Sources */,
				713CB76B25FDD672000FE5FD /* SceneDelegate.swift in Sources */,
				713CB7C225FEB23B000FE5FD /* PostCell.swift in Sources */,
			);
			runOnlyForDeploymentPostprocessing = 0;
		};
		713CB77725FDD676000FE5FD /* Sources */ = {
			isa = PBXSourcesBuildPhase;
			buildActionMask = 2147483647;
			files = (
				713CB78025FDD676000FE5FD /* ParstagramTests.swift in Sources */,
			);
			runOnlyForDeploymentPostprocessing = 0;
		};
		713CB78225FDD676000FE5FD /* Sources */ = {
			isa = PBXSourcesBuildPhase;
			buildActionMask = 2147483647;
			files = (
				713CB78B25FDD676000FE5FD /* ParstagramUITests.swift in Sources */,
			);
			runOnlyForDeploymentPostprocessing = 0;
		};
/* End PBXSourcesBuildPhase section */

/* Begin PBXTargetDependency section */
		713CB77D25FDD676000FE5FD /* PBXTargetDependency */ = {
			isa = PBXTargetDependency;
			target = 713CB76425FDD672000FE5FD /* Parstagram */;
			targetProxy = 713CB77C25FDD676000FE5FD /* PBXContainerItemProxy */;
		};
		713CB78825FDD676000FE5FD /* PBXTargetDependency */ = {
			isa = PBXTargetDependency;
			target = 713CB76425FDD672000FE5FD /* Parstagram */;
			targetProxy = 713CB78725FDD676000FE5FD /* PBXContainerItemProxy */;
		};
/* End PBXTargetDependency section */

/* Begin PBXVariantGroup section */
		713CB76E25FDD672000FE5FD /* Main.storyboard */ = {
			isa = PBXVariantGroup;
			children = (
				713CB76F25FDD672000FE5FD /* Base */,
			);
			name = Main.storyboard;
			sourceTree = "<group>";
		};
		713CB77325FDD676000FE5FD /* LaunchScreen.storyboard */ = {
			isa = PBXVariantGroup;
			children = (
				713CB77425FDD676000FE5FD /* Base */,
			);
			name = LaunchScreen.storyboard;
			sourceTree = "<group>";
		};
/* End PBXVariantGroup section */

/* Begin XCBuildConfiguration section */
		713CB78D25FDD676000FE5FD /* Debug */ = {
			isa = XCBuildConfiguration;
			buildSettings = {
				ALWAYS_SEARCH_USER_PATHS = NO;
				CLANG_ANALYZER_NONNULL = YES;
				CLANG_ANALYZER_NUMBER_OBJECT_CONVERSION = YES_AGGRESSIVE;
				CLANG_CXX_LANGUAGE_STANDARD = "gnu++14";
				CLANG_CXX_LIBRARY = "libc++";
				CLANG_ENABLE_MODULES = YES;
				CLANG_ENABLE_OBJC_ARC = YES;
				CLANG_ENABLE_OBJC_WEAK = YES;
				CLANG_WARN_BLOCK_CAPTURE_AUTORELEASING = YES;
				CLANG_WARN_BOOL_CONVERSION = YES;
				CLANG_WARN_COMMA = YES;
				CLANG_WARN_CONSTANT_CONVERSION = YES;
				CLANG_WARN_DEPRECATED_OBJC_IMPLEMENTATIONS = YES;
				CLANG_WARN_DIRECT_OBJC_ISA_USAGE = YES_ERROR;
				CLANG_WARN_DOCUMENTATION_COMMENTS = YES;
				CLANG_WARN_EMPTY_BODY = YES;
				CLANG_WARN_ENUM_CONVERSION = YES;
				CLANG_WARN_INFINITE_RECURSION = YES;
				CLANG_WARN_INT_CONVERSION = YES;
				CLANG_WARN_NON_LITERAL_NULL_CONVERSION = YES;
				CLANG_WARN_OBJC_IMPLICIT_RETAIN_SELF = YES;
				CLANG_WARN_OBJC_LITERAL_CONVERSION = YES;
				CLANG_WARN_OBJC_ROOT_CLASS = YES_ERROR;
				CLANG_WARN_QUOTED_INCLUDE_IN_FRAMEWORK_HEADER = YES;
				CLANG_WARN_RANGE_LOOP_ANALYSIS = YES;
				CLANG_WARN_STRICT_PROTOTYPES = YES;
				CLANG_WARN_SUSPICIOUS_MOVE = YES;
				CLANG_WARN_UNGUARDED_AVAILABILITY = YES_AGGRESSIVE;
				CLANG_WARN_UNREACHABLE_CODE = YES;
				CLANG_WARN__DUPLICATE_METHOD_MATCH = YES;
				COPY_PHASE_STRIP = NO;
				DEBUG_INFORMATION_FORMAT = dwarf;
				ENABLE_STRICT_OBJC_MSGSEND = YES;
				ENABLE_TESTABILITY = YES;
				GCC_C_LANGUAGE_STANDARD = gnu11;
				GCC_DYNAMIC_NO_PIC = NO;
				GCC_NO_COMMON_BLOCKS = YES;
				GCC_OPTIMIZATION_LEVEL = 0;
				GCC_PREPROCESSOR_DEFINITIONS = (
					"DEBUG=1",
					"$(inherited)",
				);
				GCC_WARN_64_TO_32_BIT_CONVERSION = YES;
				GCC_WARN_ABOUT_RETURN_TYPE = YES_ERROR;
				GCC_WARN_UNDECLARED_SELECTOR = YES;
				GCC_WARN_UNINITIALIZED_AUTOS = YES_AGGRESSIVE;
				GCC_WARN_UNUSED_FUNCTION = YES;
				GCC_WARN_UNUSED_VARIABLE = YES;
				IPHONEOS_DEPLOYMENT_TARGET = 14.3;
				MTL_ENABLE_DEBUG_INFO = INCLUDE_SOURCE;
				MTL_FAST_MATH = YES;
				ONLY_ACTIVE_ARCH = YES;
				SDKROOT = iphoneos;
				SWIFT_ACTIVE_COMPILATION_CONDITIONS = DEBUG;
				SWIFT_OPTIMIZATION_LEVEL = "-Onone";
			};
			name = Debug;
		};
		713CB78E25FDD676000FE5FD /* Release */ = {
			isa = XCBuildConfiguration;
			buildSettings = {
				ALWAYS_SEARCH_USER_PATHS = NO;
				CLANG_ANALYZER_NONNULL = YES;
				CLANG_ANALYZER_NUMBER_OBJECT_CONVERSION = YES_AGGRESSIVE;
				CLANG_CXX_LANGUAGE_STANDARD = "gnu++14";
				CLANG_CXX_LIBRARY = "libc++";
				CLANG_ENABLE_MODULES = YES;
				CLANG_ENABLE_OBJC_ARC = YES;
				CLANG_ENABLE_OBJC_WEAK = YES;
				CLANG_WARN_BLOCK_CAPTURE_AUTORELEASING = YES;
				CLANG_WARN_BOOL_CONVERSION = YES;
				CLANG_WARN_COMMA = YES;
				CLANG_WARN_CONSTANT_CONVERSION = YES;
				CLANG_WARN_DEPRECATED_OBJC_IMPLEMENTATIONS = YES;
				CLANG_WARN_DIRECT_OBJC_ISA_USAGE = YES_ERROR;
				CLANG_WARN_DOCUMENTATION_COMMENTS = YES;
				CLANG_WARN_EMPTY_BODY = YES;
				CLANG_WARN_ENUM_CONVERSION = YES;
				CLANG_WARN_INFINITE_RECURSION = YES;
				CLANG_WARN_INT_CONVERSION = YES;
				CLANG_WARN_NON_LITERAL_NULL_CONVERSION = YES;
				CLANG_WARN_OBJC_IMPLICIT_RETAIN_SELF = YES;
				CLANG_WARN_OBJC_LITERAL_CONVERSION = YES;
				CLANG_WARN_OBJC_ROOT_CLASS = YES_ERROR;
				CLANG_WARN_QUOTED_INCLUDE_IN_FRAMEWORK_HEADER = YES;
				CLANG_WARN_RANGE_LOOP_ANALYSIS = YES;
				CLANG_WARN_STRICT_PROTOTYPES = YES;
				CLANG_WARN_SUSPICIOUS_MOVE = YES;
				CLANG_WARN_UNGUARDED_AVAILABILITY = YES_AGGRESSIVE;
				CLANG_WARN_UNREACHABLE_CODE = YES;
				CLANG_WARN__DUPLICATE_METHOD_MATCH = YES;
				COPY_PHASE_STRIP = NO;
				DEBUG_INFORMATION_FORMAT = "dwarf-with-dsym";
				ENABLE_NS_ASSERTIONS = NO;
				ENABLE_STRICT_OBJC_MSGSEND = YES;
				GCC_C_LANGUAGE_STANDARD = gnu11;
				GCC_NO_COMMON_BLOCKS = YES;
				GCC_WARN_64_TO_32_BIT_CONVERSION = YES;
				GCC_WARN_ABOUT_RETURN_TYPE = YES_ERROR;
				GCC_WARN_UNDECLARED_SELECTOR = YES;
				GCC_WARN_UNINITIALIZED_AUTOS = YES_AGGRESSIVE;
				GCC_WARN_UNUSED_FUNCTION = YES;
				GCC_WARN_UNUSED_VARIABLE = YES;
				IPHONEOS_DEPLOYMENT_TARGET = 14.3;
				MTL_ENABLE_DEBUG_INFO = NO;
				MTL_FAST_MATH = YES;
				SDKROOT = iphoneos;
				SWIFT_COMPILATION_MODE = wholemodule;
				SWIFT_OPTIMIZATION_LEVEL = "-O";
				VALIDATE_PRODUCT = YES;
			};
			name = Release;
		};
		713CB79025FDD676000FE5FD /* Debug */ = {
			isa = XCBuildConfiguration;
			baseConfigurationReference = 690D19DD39D4C217C9E5B919 /* Pods-Parstagram.debug.xcconfig */;
			buildSettings = {
				ASSETCATALOG_COMPILER_APPICON_NAME = AppIcon;
				ASSETCATALOG_COMPILER_GLOBAL_ACCENT_COLOR_NAME = AccentColor;
				CODE_SIGN_STYLE = Automatic;
				INFOPLIST_FILE = Parstagram/Info.plist;
				LD_RUNPATH_SEARCH_PATHS = (
					"$(inherited)",
					"@executable_path/Frameworks",
				);
				PRODUCT_BUNDLE_IDENTIFIER = "red1301-dcds.edu.Parstagram";
				PRODUCT_NAME = "$(TARGET_NAME)";
				SWIFT_VERSION = 5.0;
				TARGETED_DEVICE_FAMILY = "1,2";
			};
			name = Debug;
		};
		713CB79125FDD676000FE5FD /* Release */ = {
			isa = XCBuildConfiguration;
			baseConfigurationReference = 3E0B0C49897791101982D1AB /* Pods-Parstagram.release.xcconfig */;
			buildSettings = {
				ASSETCATALOG_COMPILER_APPICON_NAME = AppIcon;
				ASSETCATALOG_COMPILER_GLOBAL_ACCENT_COLOR_NAME = AccentColor;
				CODE_SIGN_STYLE = Automatic;
				INFOPLIST_FILE = Parstagram/Info.plist;
				LD_RUNPATH_SEARCH_PATHS = (
					"$(inherited)",
					"@executable_path/Frameworks",
				);
				PRODUCT_BUNDLE_IDENTIFIER = "red1301-dcds.edu.Parstagram";
				PRODUCT_NAME = "$(TARGET_NAME)";
				SWIFT_VERSION = 5.0;
				TARGETED_DEVICE_FAMILY = "1,2";
			};
			name = Release;
		};
		713CB79325FDD676000FE5FD /* Debug */ = {
			isa = XCBuildConfiguration;
			baseConfigurationReference = D49A6DEBA2D84DC6C5CF501A /* Pods-ParstagramTests.debug.xcconfig */;
			buildSettings = {
				ALWAYS_EMBED_SWIFT_STANDARD_LIBRARIES = YES;
				BUNDLE_LOADER = "$(TEST_HOST)";
				CODE_SIGN_STYLE = Automatic;
				INFOPLIST_FILE = ParstagramTests/Info.plist;
				IPHONEOS_DEPLOYMENT_TARGET = 14.3;
				LD_RUNPATH_SEARCH_PATHS = (
					"$(inherited)",
					"@executable_path/Frameworks",
					"@loader_path/Frameworks",
				);
				PRODUCT_BUNDLE_IDENTIFIER = "red1301-dcds.edu.ParstagramTests";
				PRODUCT_NAME = "$(TARGET_NAME)";
				SWIFT_VERSION = 5.0;
				TARGETED_DEVICE_FAMILY = "1,2";
				TEST_HOST = "$(BUILT_PRODUCTS_DIR)/Parstagram.app/Parstagram";
			};
			name = Debug;
		};
		713CB79425FDD676000FE5FD /* Release */ = {
			isa = XCBuildConfiguration;
			baseConfigurationReference = 6D7DE4C1F784EA4AD6784D20 /* Pods-ParstagramTests.release.xcconfig */;
			buildSettings = {
				ALWAYS_EMBED_SWIFT_STANDARD_LIBRARIES = YES;
				BUNDLE_LOADER = "$(TEST_HOST)";
				CODE_SIGN_STYLE = Automatic;
				INFOPLIST_FILE = ParstagramTests/Info.plist;
				IPHONEOS_DEPLOYMENT_TARGET = 14.3;
				LD_RUNPATH_SEARCH_PATHS = (
					"$(inherited)",
					"@executable_path/Frameworks",
					"@loader_path/Frameworks",
				);
				PRODUCT_BUNDLE_IDENTIFIER = "red1301-dcds.edu.ParstagramTests";
				PRODUCT_NAME = "$(TARGET_NAME)";
				SWIFT_VERSION = 5.0;
				TARGETED_DEVICE_FAMILY = "1,2";
				TEST_HOST = "$(BUILT_PRODUCTS_DIR)/Parstagram.app/Parstagram";
			};
			name = Release;
		};
		713CB79625FDD676000FE5FD /* Debug */ = {
			isa = XCBuildConfiguration;
			baseConfigurationReference = DD2716C70F2BE113262DA98B /* Pods-Parstagram-ParstagramUITests.debug.xcconfig */;
			buildSettings = {
				ALWAYS_EMBED_SWIFT_STANDARD_LIBRARIES = YES;
				CODE_SIGN_STYLE = Automatic;
				INFOPLIST_FILE = ParstagramUITests/Info.plist;
				LD_RUNPATH_SEARCH_PATHS = (
					"$(inherited)",
					"@executable_path/Frameworks",
					"@loader_path/Frameworks",
				);
				PRODUCT_BUNDLE_IDENTIFIER = "red1301-dcds.edu.ParstagramUITests";
				PRODUCT_NAME = "$(TARGET_NAME)";
				SWIFT_VERSION = 5.0;
				TARGETED_DEVICE_FAMILY = "1,2";
				TEST_TARGET_NAME = Parstagram;
			};
			name = Debug;
		};
		713CB79725FDD676000FE5FD /* Release */ = {
			isa = XCBuildConfiguration;
			baseConfigurationReference = 00D04169D147DD3E94970F81 /* Pods-Parstagram-ParstagramUITests.release.xcconfig */;
			buildSettings = {
				ALWAYS_EMBED_SWIFT_STANDARD_LIBRARIES = YES;
				CODE_SIGN_STYLE = Automatic;
				INFOPLIST_FILE = ParstagramUITests/Info.plist;
				LD_RUNPATH_SEARCH_PATHS = (
					"$(inherited)",
					"@executable_path/Frameworks",
					"@loader_path/Frameworks",
				);
				PRODUCT_BUNDLE_IDENTIFIER = "red1301-dcds.edu.ParstagramUITests";
				PRODUCT_NAME = "$(TARGET_NAME)";
				SWIFT_VERSION = 5.0;
				TARGETED_DEVICE_FAMILY = "1,2";
				TEST_TARGET_NAME = Parstagram;
			};
			name = Release;
		};
/* End XCBuildConfiguration section */

/* Begin XCConfigurationList section */
		713CB76025FDD672000FE5FD /* Build configuration list for PBXProject "Parstagram" */ = {
			isa = XCConfigurationList;
			buildConfigurations = (
				713CB78D25FDD676000FE5FD /* Debug */,
				713CB78E25FDD676000FE5FD /* Release */,
			);
			defaultConfigurationIsVisible = 0;
			defaultConfigurationName = Release;
		};
		713CB78F25FDD676000FE5FD /* Build configuration list for PBXNativeTarget "Parstagram" */ = {
			isa = XCConfigurationList;
			buildConfigurations = (
				713CB79025FDD676000FE5FD /* Debug */,
				713CB79125FDD676000FE5FD /* Release */,
			);
			defaultConfigurationIsVisible = 0;
			defaultConfigurationName = Release;
		};
		713CB79225FDD676000FE5FD /* Build configuration list for PBXNativeTarget "ParstagramTests" */ = {
			isa = XCConfigurationList;
			buildConfigurations = (
				713CB79325FDD676000FE5FD /* Debug */,
				713CB79425FDD676000FE5FD /* Release */,
			);
			defaultConfigurationIsVisible = 0;
			defaultConfigurationName = Release;
		};
		713CB79525FDD676000FE5FD /* Build configuration list for PBXNativeTarget "ParstagramUITests" */ = {
			isa = XCConfigurationList;
			buildConfigurations = (
				713CB79625FDD676000FE5FD /* Debug */,
				713CB79725FDD676000FE5FD /* Release */,
			);
			defaultConfigurationIsVisible = 0;
			defaultConfigurationName = Release;
		};
/* End XCConfigurationList section */
	};
	rootObject = 713CB75D25FDD672000FE5FD /* Project object */;
}
